
Microsoft Visual Studio Solution File, Format Version 12.00
# Visual Studio Version 17
VisualStudioVersion = 17.4.33213.308
MinimumVisualStudioVersion = 10.0.40219.1
Project("{FAE04EC0-301F-11D3-BF4B-00C04F79EFBC}") = "Registraciya", "Registraciya.csproj", "{C0849EE4-244A-4B95-8477-F6BB7097F4AB}"
EndProject
Global
	GlobalSection(SolutionConfigurationPlatforms) = preSolution
		Debug|Any CPU = Debug|Any CPU
		Release|Any CPU = Release|Any CPU
	EndGlobalSection
	GlobalSection(ProjectConfigurationPlatforms) = postSolution
		{C0849EE4-244A-4B95-8477-F6BB7097F4AB}.Debug|Any CPU.ActiveCfg = Debug|Any CPU
		{C0849EE4-244A-4B95-8477-F6BB7097F4AB}.Debug|Any CPU.Build.0 = Debug|Any CPU
		{C0849EE4-244A-4B95-8477-F6BB7097F4AB}.Release|Any CPU.ActiveCfg = Release|Any CPU
		{C0849EE4-244A-4B95-8477-F6BB7097F4AB}.Release|Any CPU.Build.0 = Release|Any CPU
	EndGlobalSection
	GlobalSection(SolutionProperties) = preSolution
		HideSolutionNode = FALSE
	EndGlobalSection
	GlobalSection(ExtensibilityGlobals) = postSolution
		SolutionGuid = {01AE8E50-9A41-4ED2-9010-E8ADB36A8113}
	EndGlobalSection
EndGlobal
